{
  "version": 4,
  "terraform_version": "1.7.4",
  "serial": 1060,
  "lineage": "e210576f-3dcb-9593-f739-424c12b2cce0",
  "outputs": {
    "alb_dns": {
      "value": "alb1-324809785.us-west-2.elb.amazonaws.com",
      "type": "string"
    },
    "application_private_ips": {
      "value": [
        "10.0.1.212",
        "10.0.1.61"
      ],
      "type": [
        "list",
        "string"
      ]
    },
    "mongodb_private_ip": {
      "value": "10.0.1.55",
      "type": "string"
    },
    "web_app_wait_command": {
      "value": "until curl --max-time 5 http://alb1-324809785.us-west-2.elb.amazonaws.com \u003e/dev/null 2\u003e\u00261; do echo preparing...; sleep 5; done; echo; echo -e 'Ready!!'",
      "type": "string"
    }
  },
  "resources": [
    {
      "mode": "data",
      "type": "aws_ami",
      "name": "ubuntu",
      "provider": "provider[\"registry.terraform.io/hashicorp/aws\"]",
      "instances": [
        {
          "schema_version": 0,
          "attributes": {
            "architecture": "x86_64",
            "arn": "arn:aws:ec2:us-west-2::image/ami-03e80dc555115a214",
            "block_device_mappings": [
              {
                "device_name": "/dev/sda1",
                "ebs": {
                  "delete_on_termination": "true",
                  "encrypted": "false",
                  "iops": "0",
                  "snapshot_id": "snap-07a0eed40c65fafe8",
                  "throughput": "0",
                  "volume_size": "8",
                  "volume_type": "gp2"
                },
                "no_device": "",
                "virtual_name": ""
              },
              {
                "device_name": "/dev/sdb",
                "ebs": {},
                "no_device": "",
                "virtual_name": "ephemeral0"
              },
              {
                "device_name": "/dev/sdc",
                "ebs": {},
                "no_device": "",
                "virtual_name": "ephemeral1"
              }
            ],
            "boot_mode": "legacy-bios",
            "creation_date": "2024-02-29T22:43:45.000Z",
            "deprecation_time": "2026-02-28T22:43:45.000Z",
            "description": "Canonical, Ubuntu, 20.04 LTS, amd64 focal image build on 2024-02-29",
            "ena_support": true,
            "executable_users": null,
            "filter": [
              {
                "name": "name",
                "values": [
                  "ubuntu/images/hvm-ssd/ubuntu-focal-20.04-amd64-server-*"
                ]
              },
              {
                "name": "virtualization-type",
                "values": [
                  "hvm"
                ]
              }
            ],
            "hypervisor": "xen",
            "id": "ami-03e80dc555115a214",
            "image_id": "ami-03e80dc555115a214",
            "image_location": "amazon/ubuntu/images/hvm-ssd/ubuntu-focal-20.04-amd64-server-20240229",
            "image_owner_alias": "amazon",
            "image_type": "machine",
            "imds_support": "",
            "include_deprecated": false,
            "kernel_id": "",
            "most_recent": true,
            "name": "ubuntu/images/hvm-ssd/ubuntu-focal-20.04-amd64-server-20240229",
            "name_regex": null,
            "owner_id": "099720109477",
            "owners": [
              "099720109477"
            ],
            "platform": "",
            "platform_details": "Linux/UNIX",
            "product_codes": [],
            "public": true,
            "ramdisk_id": "",
            "root_device_name": "/dev/sda1",
            "root_device_type": "ebs",
            "root_snapshot_id": "snap-07a0eed40c65fafe8",
            "sriov_net_support": "simple",
            "state": "available",
            "state_reason": {
              "code": "UNSET",
              "message": "UNSET"
            },
            "tags": {},
            "timeouts": null,
            "tpm_support": "",
            "usage_operation": "RunInstances",
            "virtualization_type": "hvm"
          },
          "sensitive_attributes": []
        }
      ]
    },
    {
      "module": "module.application",
      "mode": "data",
      "type": "aws_ami",
      "name": "ubuntu",
      "provider": "provider[\"registry.terraform.io/hashicorp/aws\"]",
      "instances": [
        {
          "schema_version": 0,
          "attributes": {
            "architecture": "x86_64",
            "arn": "arn:aws:ec2:us-west-2::image/ami-03e80dc555115a214",
            "block_device_mappings": [
              {
                "device_name": "/dev/sda1",
                "ebs": {
                  "delete_on_termination": "true",
                  "encrypted": "false",
                  "iops": "0",
                  "snapshot_id": "snap-07a0eed40c65fafe8",
                  "throughput": "0",
                  "volume_size": "8",
                  "volume_type": "gp2"
                },
                "no_device": "",
                "virtual_name": ""
              },
              {
                "device_name": "/dev/sdb",
                "ebs": {},
                "no_device": "",
                "virtual_name": "ephemeral0"
              },
              {
                "device_name": "/dev/sdc",
                "ebs": {},
                "no_device": "",
                "virtual_name": "ephemeral1"
              }
            ],
            "boot_mode": "legacy-bios",
            "creation_date": "2024-02-29T22:43:45.000Z",
            "deprecation_time": "2026-02-28T22:43:45.000Z",
            "description": "Canonical, Ubuntu, 20.04 LTS, amd64 focal image build on 2024-02-29",
            "ena_support": true,
            "executable_users": null,
            "filter": [
              {
                "name": "name",
                "values": [
                  "ubuntu/images/hvm-ssd/ubuntu-focal-20.04-amd64-server-*"
                ]
              },
              {
                "name": "virtualization-type",
                "values": [
                  "hvm"
                ]
              }
            ],
            "hypervisor": "xen",
            "id": "ami-03e80dc555115a214",
            "image_id": "ami-03e80dc555115a214",
            "image_location": "amazon/ubuntu/images/hvm-ssd/ubuntu-focal-20.04-amd64-server-20240229",
            "image_owner_alias": "amazon",
            "image_type": "machine",
            "imds_support": "",
            "include_deprecated": false,
            "kernel_id": "",
            "most_recent": true,
            "name": "ubuntu/images/hvm-ssd/ubuntu-focal-20.04-amd64-server-20240229",
            "name_regex": null,
            "owner_id": "099720109477",
            "owners": [
              "099720109477"
            ],
            "platform": "",
            "platform_details": "Linux/UNIX",
            "product_codes": [],
            "public": true,
            "ramdisk_id": "",
            "root_device_name": "/dev/sda1",
            "root_device_type": "ebs",
            "root_snapshot_id": "snap-07a0eed40c65fafe8",
            "sriov_net_support": "simple",
            "state": "available",
            "state_reason": {
              "code": "UNSET",
              "message": "UNSET"
            },
            "tags": {},
            "timeouts": null,
            "tpm_support": "",
            "usage_operation": "RunInstances",
            "virtualization_type": "hvm"
          },
          "sensitive_attributes": []
        }
      ]
    },
    {
      "module": "module.application",
      "mode": "data",
      "type": "aws_instances",
      "name": "application",
      "provider": "provider[\"registry.terraform.io/hashicorp/aws\"]",
      "instances": [
        {
          "schema_version": 0,
          "attributes": {
            "filter": null,
            "id": "us-west-2",
            "ids": [
              "i-0269a12983edb9405",
              "i-04a24f7ba125f5d6b"
            ],
            "instance_state_names": [
              "pending",
              "running"
            ],
            "instance_tags": {
              "Name": "FrontendApp",
              "Owner": "CloudAcademy"
            },
            "ipv6_addresses": [],
            "private_ips": [
              "10.0.1.212",
              "10.0.1.61"
            ],
            "public_ips": [],
            "timeouts": null
          },
          "sensitive_attributes": []
        }
      ]
    },
    {
      "module": "module.application",
      "mode": "data",
      "type": "template_cloudinit_config",
      "name": "config",
      "provider": "provider[\"registry.terraform.io/hashicorp/template\"]",
      "instances": [
        {
          "schema_version": 0,
          "attributes": {
            "base64_encode": false,
            "gzip": false,
            "id": "3323379595",
            "part": [
              {
                "content": "    #! /bin/bash\napt-get -y update\napt-get -y install nginx\napt-get -y install jq\n\nALB_DNS=alb1-324809785.us-west-2.elb.amazonaws.com\nMONGODB_PRIVATEIP=10.0.1.55\n\nmkdir -p /tmp/cloudacademy-app\ncd /tmp/cloudacademy-app\n\necho ===========================\necho FRONTEND - download latest release and install...\nmkdir -p ./voteapp-frontend-react-2023\npushd ./voteapp-frontend-react-2023\ncurl -sL https://api.github.com/repos/cloudacademy/voteapp-frontend-react-2023/releases/latest | jq -r '.assets[0].browser_download_url' | xargs curl -OL\nINSTALL_FILENAME=$(curl -sL https://api.github.com/repos/cloudacademy/voteapp-frontend-react-2023/releases/latest | jq -r '.assets[0].name')\ntar -xvzf $INSTALL_FILENAME\nrm -rf /var/www/html\ncp -R build /var/www/html\ncat \u003e /var/www/html/env-config.js \u003c\u003c EOFF\nwindow._env_ = {REACT_APP_APIHOSTPORT: \"$ALB_DNS\"}\nEOFF\npopd\n\necho ===========================\necho API - download latest release, install, and start...\nmkdir -p ./voteapp-api-go\npushd ./voteapp-api-go\ncurl -sL https://api.github.com/repos/cloudacademy/voteapp-api-go/releases/latest | jq -r '.assets[] | select(.name | contains(\"linux-amd64\")) | .browser_download_url' | xargs curl -OL\nINSTALL_FILENAME=$(curl -sL https://api.github.com/repos/cloudacademy/voteapp-api-go/releases/latest | jq -r '.assets[] | select(.name | contains(\"linux-amd64\")) | .name')\ntar -xvzf $INSTALL_FILENAME\n#start the API up...\nMONGO_CONN_STR=mongodb://$MONGODB_PRIVATEIP:27017/langdb ./api \u0026\npopd\n\nsystemctl restart nginx\nsystemctl status nginx\necho fin v1.00!\n\n",
                "content_type": "text/x-shellscript",
                "filename": "",
                "merge_type": ""
              }
            ],
            "rendered": "Content-Type: multipart/mixed; boundary=\"MIMEBOUNDARY\"\nMIME-Version: 1.0\r\n\r\n--MIMEBOUNDARY\r\nContent-Transfer-Encoding: 7bit\r\nContent-Type: text/x-shellscript\r\nMime-Version: 1.0\r\n\r\n    #! /bin/bash\napt-get -y update\napt-get -y install nginx\napt-get -y install jq\n\nALB_DNS=alb1-324809785.us-west-2.elb.amazonaws.com\nMONGODB_PRIVATEIP=10.0.1.55\n\nmkdir -p /tmp/cloudacademy-app\ncd /tmp/cloudacademy-app\n\necho ===========================\necho FRONTEND - download latest release and install...\nmkdir -p ./voteapp-frontend-react-2023\npushd ./voteapp-frontend-react-2023\ncurl -sL https://api.github.com/repos/cloudacademy/voteapp-frontend-react-2023/releases/latest | jq -r '.assets[0].browser_download_url' | xargs curl -OL\nINSTALL_FILENAME=$(curl -sL https://api.github.com/repos/cloudacademy/voteapp-frontend-react-2023/releases/latest | jq -r '.assets[0].name')\ntar -xvzf $INSTALL_FILENAME\nrm -rf /var/www/html\ncp -R build /var/www/html\ncat \u003e /var/www/html/env-config.js \u003c\u003c EOFF\nwindow._env_ = {REACT_APP_APIHOSTPORT: \"$ALB_DNS\"}\nEOFF\npopd\n\necho ===========================\necho API - download latest release, install, and start...\nmkdir -p ./voteapp-api-go\npushd ./voteapp-api-go\ncurl -sL https://api.github.com/repos/cloudacademy/voteapp-api-go/releases/latest | jq -r '.assets[] | select(.name | contains(\"linux-amd64\")) | .browser_download_url' | xargs curl -OL\nINSTALL_FILENAME=$(curl -sL https://api.github.com/repos/cloudacademy/voteapp-api-go/releases/latest | jq -r '.assets[] | select(.name | contains(\"linux-amd64\")) | .name')\ntar -xvzf $INSTALL_FILENAME\n#start the API up...\nMONGO_CONN_STR=mongodb://$MONGODB_PRIVATEIP:27017/langdb ./api \u0026\npopd\n\nsystemctl restart nginx\nsystemctl status nginx\necho fin v1.00!\n\n\r\n--MIMEBOUNDARY--\r\n"
          },
          "sensitive_attributes": []
        }
      ]
    },
    {
      "module": "module.application",
      "mode": "managed",
      "type": "aws_alb_listener",
      "name": "front_end",
      "provider": "provider[\"registry.terraform.io/hashicorp/aws\"]",
      "instances": [
        {
          "schema_version": 0,
          "attributes": {
            "alpn_policy": null,
            "arn": "arn:aws:elasticloadbalancing:us-west-2:992382502416:listener/app/alb1/7e48f2f89786bf04/7bae0ee0d8699065",
            "certificate_arn": null,
            "default_action": [
              {
                "authenticate_cognito": [],
                "authenticate_oidc": [],
                "fixed_response": [],
                "forward": [],
                "order": 1,
                "redirect": [],
                "target_group_arn": "arn:aws:elasticloadbalancing:us-west-2:992382502416:targetgroup/tf-20240307164311354600000006/0dc20de6dc0e7316",
                "type": "forward"
              }
            ],
            "id": "arn:aws:elasticloadbalancing:us-west-2:992382502416:listener/app/alb1/7e48f2f89786bf04/7bae0ee0d8699065",
            "load_balancer_arn": "arn:aws:elasticloadbalancing:us-west-2:992382502416:loadbalancer/app/alb1/7e48f2f89786bf04",
            "mutual_authentication": [],
            "port": 80,
            "protocol": "HTTP",
            "ssl_policy": "",
            "tags": {},
            "tags_all": {},
            "timeouts": null
          },
          "sensitive_attributes": [],
          "private": "eyJlMmJmYjczMC1lY2FhLTExZTYtOGY4OC0zNDM2M2JjN2M0YzAiOnsiY3JlYXRlIjozMDAwMDAwMDAwMDAsInVwZGF0ZSI6MzAwMDAwMDAwMDAwfX0=",
          "dependencies": [
            "module.application.aws_alb_target_group.webserver",
            "module.application.aws_lb.alb1",
            "module.network.aws_eip.nat",
            "module.network.aws_internet_gateway.gateway",
            "module.network.aws_nat_gateway.nat_gateway",
            "module.network.aws_route_table.private",
            "module.network.aws_route_table.public",
            "module.network.aws_route_table_association.private",
            "module.network.aws_route_table_association.public",
            "module.network.aws_subnet.private",
            "module.network.aws_subnet.public",
            "module.network.aws_vpc.vpc",
            "module.security.aws_security_group.alb",
            "module.security.aws_security_group.application",
            "module.security.aws_security_group.bastion",
            "module.security.aws_security_group.mongodb",
            "module.storage.aws_instance.mongo"
          ]
        }
      ]
    },
    {
      "module": "module.application",
      "mode": "managed",
      "type": "aws_alb_listener_rule",
      "name": "api_rule1",
      "provider": "provider[\"registry.terraform.io/hashicorp/aws\"]",
      "instances": [
        {
          "schema_version": 0,
          "attributes": {
            "action": [
              {
                "authenticate_cognito": [],
                "authenticate_oidc": [],
                "fixed_response": [],
                "forward": [],
                "order": 1,
                "redirect": [],
                "target_group_arn": "arn:aws:elasticloadbalancing:us-west-2:992382502416:targetgroup/tf-20240307164311355000000007/a5a0159468105ab7",
                "type": "forward"
              }
            ],
            "arn": "arn:aws:elasticloadbalancing:us-west-2:992382502416:listener-rule/app/alb1/7e48f2f89786bf04/7bae0ee0d8699065/2fe5adbd6d5bbaba",
            "condition": [
              {
                "host_header": [],
                "http_header": [],
                "http_request_method": [],
                "path_pattern": [
                  {
                    "values": [
                      "*",
                      "/",
                      "/*"
                    ]
                  }
                ],
                "query_string": [],
                "source_ip": []
              }
            ],
            "id": "arn:aws:elasticloadbalancing:us-west-2:992382502416:listener-rule/app/alb1/7e48f2f89786bf04/7bae0ee0d8699065/2fe5adbd6d5bbaba",
            "listener_arn": "arn:aws:elasticloadbalancing:us-west-2:992382502416:listener/app/alb1/7e48f2f89786bf04/7bae0ee0d8699065",
            "priority": 10,
            "tags": {},
            "tags_all": {}
          },
          "sensitive_attributes": [],
          "private": "bnVsbA==",
          "dependencies": [
            "module.application.aws_alb_listener.front_end",
            "module.application.aws_alb_target_group.api",
            "module.application.aws_alb_target_group.webserver",
            "module.application.aws_lb.alb1",
            "module.network.aws_eip.nat",
            "module.network.aws_internet_gateway.gateway",
            "module.network.aws_nat_gateway.nat_gateway",
            "module.network.aws_route_table.private",
            "module.network.aws_route_table.public",
            "module.network.aws_route_table_association.private",
            "module.network.aws_route_table_association.public",
            "module.network.aws_subnet.private",
            "module.network.aws_subnet.public",
            "module.network.aws_vpc.vpc",
            "module.security.aws_security_group.alb",
            "module.security.aws_security_group.application",
            "module.security.aws_security_group.bastion",
            "module.security.aws_security_group.mongodb",
            "module.storage.aws_instance.mongo"
          ]
        }
      ]
    },
    {
      "module": "module.application",
      "mode": "managed",
      "type": "aws_alb_listener_rule",
      "name": "frontend_rule1",
      "provider": "provider[\"registry.terraform.io/hashicorp/aws\"]",
      "instances": [
        {
          "schema_version": 0,
          "attributes": {
            "action": [
              {
                "authenticate_cognito": [],
                "authenticate_oidc": [],
                "fixed_response": [],
                "forward": [],
                "order": 1,
                "redirect": [],
                "target_group_arn": "arn:aws:elasticloadbalancing:us-west-2:992382502416:targetgroup/tf-20240307164311354600000006/0dc20de6dc0e7316",
                "type": "forward"
              }
            ],
            "arn": "arn:aws:elasticloadbalancing:us-west-2:992382502416:listener-rule/app/alb1/7e48f2f89786bf04/7bae0ee0d8699065/562e953409a44cf3",
            "condition": [
              {
                "host_header": [],
                "http_header": [],
                "http_request_method": [],
                "path_pattern": [
                  {
                    "values": [
                      "*",
                      "/",
                      "/*"
                    ]
                  }
                ],
                "query_string": [],
                "source_ip": []
              }
            ],
            "id": "arn:aws:elasticloadbalancing:us-west-2:992382502416:listener-rule/app/alb1/7e48f2f89786bf04/7bae0ee0d8699065/562e953409a44cf3",
            "listener_arn": "arn:aws:elasticloadbalancing:us-west-2:992382502416:listener/app/alb1/7e48f2f89786bf04/7bae0ee0d8699065",
            "priority": 100,
            "tags": {},
            "tags_all": {}
          },
          "sensitive_attributes": [],
          "private": "bnVsbA==",
          "dependencies": [
            "module.application.aws_alb_listener.front_end",
            "module.application.aws_alb_target_group.webserver",
            "module.application.aws_lb.alb1",
            "module.network.aws_eip.nat",
            "module.network.aws_internet_gateway.gateway",
            "module.network.aws_nat_gateway.nat_gateway",
            "module.network.aws_route_table.private",
            "module.network.aws_route_table.public",
            "module.network.aws_route_table_association.private",
            "module.network.aws_route_table_association.public",
            "module.network.aws_subnet.private",
            "module.network.aws_subnet.public",
            "module.network.aws_vpc.vpc",
            "module.security.aws_security_group.alb",
            "module.security.aws_security_group.application",
            "module.security.aws_security_group.bastion",
            "module.security.aws_security_group.mongodb",
            "module.storage.aws_instance.mongo"
          ]
        }
      ]
    },
    {
      "module": "module.application",
      "mode": "managed",
      "type": "aws_alb_target_group",
      "name": "api",
      "provider": "provider[\"registry.terraform.io/hashicorp/aws\"]",
      "instances": [
        {
          "schema_version": 0,
          "attributes": {
            "arn": "arn:aws:elasticloadbalancing:us-west-2:992382502416:targetgroup/tf-20240307164311355000000007/a5a0159468105ab7",
            "arn_suffix": "targetgroup/tf-20240307164311355000000007/a5a0159468105ab7",
            "connection_termination": null,
            "deregistration_delay": "300",
            "health_check": [
              {
                "enabled": true,
                "healthy_threshold": 3,
                "interval": 10,
                "matcher": "200",
                "path": "/ok",
                "port": "traffic-port",
                "protocol": "HTTP",
                "timeout": 5,
                "unhealthy_threshold": 6
              }
            ],
            "id": "arn:aws:elasticloadbalancing:us-west-2:992382502416:targetgroup/tf-20240307164311355000000007/a5a0159468105ab7",
            "ip_address_type": "ipv4",
            "lambda_multi_value_headers_enabled": false,
            "load_balancer_arns": [
              "arn:aws:elasticloadbalancing:us-west-2:992382502416:loadbalancer/app/alb1/7e48f2f89786bf04"
            ],
            "load_balancing_algorithm_type": "round_robin",
            "load_balancing_anomaly_mitigation": "off",
            "load_balancing_cross_zone_enabled": "use_load_balancer_configuration",
            "name": "tf-20240307164311355000000007",
            "name_prefix": "tf-",
            "port": 8080,
            "preserve_client_ip": null,
            "protocol": "HTTP",
            "protocol_version": "HTTP1",
            "proxy_protocol_v2": false,
            "slow_start": 0,
            "stickiness": [
              {
                "cookie_duration": 86400,
                "cookie_name": "",
                "enabled": false,
                "type": "lb_cookie"
              }
            ],
            "tags": {},
            "tags_all": {},
            "target_failover": [
              {
                "on_deregistration": null,
                "on_unhealthy": null
              }
            ],
            "target_health_state": [
              {
                "enable_unhealthy_connection_termination": null
              }
            ],
            "target_type": "instance",
            "vpc_id": "vpc-0136bde767cadf412"
          },
          "sensitive_attributes": [],
          "private": "bnVsbA==",
          "dependencies": [
            "module.network.aws_eip.nat",
            "module.network.aws_internet_gateway.gateway",
            "module.network.aws_nat_gateway.nat_gateway",
            "module.network.aws_route_table.private",
            "module.network.aws_route_table.public",
            "module.network.aws_route_table_association.private",
            "module.network.aws_route_table_association.public",
            "module.network.aws_subnet.private",
            "module.network.aws_subnet.public",
            "module.network.aws_vpc.vpc",
            "module.security.aws_security_group.alb",
            "module.security.aws_security_group.application",
            "module.security.aws_security_group.bastion",
            "module.security.aws_security_group.mongodb",
            "module.storage.aws_instance.mongo"
          ]
        }
      ]
    },
    {
      "module": "module.application",
      "mode": "managed",
      "type": "aws_alb_target_group",
      "name": "webserver",
      "provider": "provider[\"registry.terraform.io/hashicorp/aws\"]",
      "instances": [
        {
          "schema_version": 0,
          "attributes": {
            "arn": "arn:aws:elasticloadbalancing:us-west-2:992382502416:targetgroup/tf-20240307164311354600000006/0dc20de6dc0e7316",
            "arn_suffix": "targetgroup/tf-20240307164311354600000006/0dc20de6dc0e7316",
            "connection_termination": null,
            "deregistration_delay": "300",
            "health_check": [
              {
                "enabled": true,
                "healthy_threshold": 3,
                "interval": 10,
                "matcher": "200",
                "path": "/",
                "port": "traffic-port",
                "protocol": "HTTP",
                "timeout": 5,
                "unhealthy_threshold": 6
              }
            ],
            "id": "arn:aws:elasticloadbalancing:us-west-2:992382502416:targetgroup/tf-20240307164311354600000006/0dc20de6dc0e7316",
            "ip_address_type": "ipv4",
            "lambda_multi_value_headers_enabled": false,
            "load_balancer_arns": [
              "arn:aws:elasticloadbalancing:us-west-2:992382502416:loadbalancer/app/alb1/7e48f2f89786bf04"
            ],
            "load_balancing_algorithm_type": "round_robin",
            "load_balancing_anomaly_mitigation": "off",
            "load_balancing_cross_zone_enabled": "use_load_balancer_configuration",
            "name": "tf-20240307164311354600000006",
            "name_prefix": "tf-",
            "port": 80,
            "preserve_client_ip": null,
            "protocol": "HTTP",
            "protocol_version": "HTTP1",
            "proxy_protocol_v2": false,
            "slow_start": 0,
            "stickiness": [
              {
                "cookie_duration": 86400,
                "cookie_name": "",
                "enabled": false,
                "type": "lb_cookie"
              }
            ],
            "tags": {},
            "tags_all": {},
            "target_failover": [
              {
                "on_deregistration": null,
                "on_unhealthy": null
              }
            ],
            "target_health_state": [
              {
                "enable_unhealthy_connection_termination": null
              }
            ],
            "target_type": "instance",
            "vpc_id": "vpc-0136bde767cadf412"
          },
          "sensitive_attributes": [],
          "private": "bnVsbA==",
          "dependencies": [
            "module.network.aws_eip.nat",
            "module.network.aws_internet_gateway.gateway",
            "module.network.aws_nat_gateway.nat_gateway",
            "module.network.aws_route_table.private",
            "module.network.aws_route_table.public",
            "module.network.aws_route_table_association.private",
            "module.network.aws_route_table_association.public",
            "module.network.aws_subnet.private",
            "module.network.aws_subnet.public",
            "module.network.aws_vpc.vpc",
            "module.security.aws_security_group.alb",
            "module.security.aws_security_group.application",
            "module.security.aws_security_group.bastion",
            "module.security.aws_security_group.mongodb",
            "module.storage.aws_instance.mongo"
          ]
        }
      ]
    },
    {
      "module": "module.application",
      "mode": "managed",
      "type": "aws_autoscaling_group",
      "name": "asg",
      "provider": "provider[\"registry.terraform.io/hashicorp/aws\"]",
      "instances": [
        {
          "schema_version": 1,
          "attributes": {
            "arn": "arn:aws:autoscaling:us-west-2:992382502416:autoScalingGroup:fda9f9b7-0fe4-4157-94f6-92d3828bb6b2:autoScalingGroupName/terraform-20240307164622466900000009",
            "availability_zones": [
              "us-west-2a",
              "us-west-2b"
            ],
            "capacity_rebalance": false,
            "context": "",
            "default_cooldown": 300,
            "default_instance_warmup": 0,
            "desired_capacity": 2,
            "desired_capacity_type": "",
            "enabled_metrics": [],
            "force_delete": false,
            "force_delete_warm_pool": false,
            "health_check_grace_period": 300,
            "health_check_type": "EC2",
            "id": "terraform-20240307164622466900000009",
            "ignore_failed_scaling_activities": false,
            "initial_lifecycle_hook": [],
            "instance_maintenance_policy": [],
            "instance_refresh": [],
            "launch_configuration": "",
            "launch_template": [
              {
                "id": "lt-0b88fbc9a1a590a2c",
                "name": "application",
                "version": "$Latest"
              }
            ],
            "load_balancers": [],
            "max_instance_lifetime": 0,
            "max_size": 2,
            "metrics_granularity": "1Minute",
            "min_elb_capacity": null,
            "min_size": 2,
            "mixed_instances_policy": [],
            "name": "terraform-20240307164622466900000009",
            "name_prefix": "terraform-",
            "placement_group": "",
            "predicted_capacity": 0,
            "protect_from_scale_in": false,
            "service_linked_role_arn": "arn:aws:iam::992382502416:role/aws-service-role/autoscaling.amazonaws.com/AWSServiceRoleForAutoScaling",
            "suspended_processes": [],
            "tag": [],
            "target_group_arns": [
              "arn:aws:elasticloadbalancing:us-west-2:992382502416:targetgroup/tf-20240307164311354600000006/0dc20de6dc0e7316",
              "arn:aws:elasticloadbalancing:us-west-2:992382502416:targetgroup/tf-20240307164311355000000007/a5a0159468105ab7"
            ],
            "termination_policies": [],
            "timeouts": null,
            "traffic_source": [
              {
                "identifier": "arn:aws:elasticloadbalancing:us-west-2:992382502416:targetgroup/tf-20240307164311354600000006/0dc20de6dc0e7316",
                "type": "elbv2"
              },
              {
                "identifier": "arn:aws:elasticloadbalancing:us-west-2:992382502416:targetgroup/tf-20240307164311355000000007/a5a0159468105ab7",
                "type": "elbv2"
              }
            ],
            "vpc_zone_identifier": [
              "subnet-08e9cd17436c6fb16",
              "subnet-0d7b94e3174e36190"
            ],
            "wait_for_capacity_timeout": "10m",
            "wait_for_elb_capacity": null,
            "warm_pool": [],
            "warm_pool_size": 0
          },
          "sensitive_attributes": [],
          "private": "eyJlMmJmYjczMC1lY2FhLTExZTYtOGY4OC0zNDM2M2JjN2M0YzAiOnsiZGVsZXRlIjo2MDAwMDAwMDAwMDAsInVwZGF0ZSI6NjAwMDAwMDAwMDAwfSwic2NoZW1hX3ZlcnNpb24iOiIxIn0=",
          "dependencies": [
            "module.application.aws_alb_target_group.api",
            "module.application.aws_alb_target_group.webserver",
            "module.application.aws_launch_template.apptemplate",
            "module.application.aws_lb.alb1",
            "module.application.data.aws_ami.ubuntu",
            "module.application.data.template_cloudinit_config.config",
            "module.network.aws_eip.nat",
            "module.network.aws_internet_gateway.gateway",
            "module.network.aws_nat_gateway.nat_gateway",
            "module.network.aws_route_table.private",
            "module.network.aws_route_table.public",
            "module.network.aws_route_table_association.private",
            "module.network.aws_route_table_association.public",
            "module.network.aws_subnet.private",
            "module.network.aws_subnet.public",
            "module.network.aws_vpc.vpc",
            "module.security.aws_security_group.alb",
            "module.security.aws_security_group.application",
            "module.security.aws_security_group.bastion",
            "module.security.aws_security_group.mongodb",
            "module.storage.aws_instance.mongo"
          ]
        }
      ]
    },
    {
      "module": "module.application",
      "mode": "managed",
      "type": "aws_launch_template",
      "name": "apptemplate",
      "provider": "provider[\"registry.terraform.io/hashicorp/aws\"]",
      "instances": [
        {
          "schema_version": 0,
          "attributes": {
            "arn": "arn:aws:ec2:us-west-2:992382502416:launch-template/lt-0b88fbc9a1a590a2c",
            "block_device_mappings": [],
            "capacity_reservation_specification": [],
            "cpu_options": [],
            "credit_specification": [],
            "default_version": 1,
            "description": "",
            "disable_api_stop": false,
            "disable_api_termination": false,
            "ebs_optimized": "",
            "elastic_gpu_specifications": [],
            "elastic_inference_accelerator": [],
            "enclave_options": [],
            "hibernation_options": [],
            "iam_instance_profile": [],
            "id": "lt-0b88fbc9a1a590a2c",
            "image_id": "ami-03e80dc555115a214",
            "instance_initiated_shutdown_behavior": "",
            "instance_market_options": [],
            "instance_requirements": [],
            "instance_type": "t3.micro",
            "kernel_id": "",
            "key_name": "SSH-key",
            "latest_version": 1,
            "license_specification": [],
            "maintenance_options": [],
            "metadata_options": [],
            "monitoring": [],
            "name": "application",
            "name_prefix": "",
            "network_interfaces": [],
            "placement": [],
            "private_dns_name_options": [],
            "ram_disk_id": "",
            "security_group_names": [],
            "tag_specifications": [
              {
                "resource_type": "instance",
                "tags": {
                  "Name": "FrontendApp",
                  "Owner": "CloudAcademy"
                }
              }
            ],
            "tags": {},
            "tags_all": {},
            "update_default_version": null,
            "user_data": "Q29udGVudC1UeXBlOiBtdWx0aXBhcnQvbWl4ZWQ7IGJvdW5kYXJ5PSJNSU1FQk9VTkRBUlkiCk1JTUUtVmVyc2lvbjogMS4wDQoNCi0tTUlNRUJPVU5EQVJZDQpDb250ZW50LVRyYW5zZmVyLUVuY29kaW5nOiA3Yml0DQpDb250ZW50LVR5cGU6IHRleHQveC1zaGVsbHNjcmlwdA0KTWltZS1WZXJzaW9uOiAxLjANCg0KICAgICMhIC9iaW4vYmFzaAphcHQtZ2V0IC15IHVwZGF0ZQphcHQtZ2V0IC15IGluc3RhbGwgbmdpbngKYXB0LWdldCAteSBpbnN0YWxsIGpxCgpBTEJfRE5TPWFsYjEtMzI0ODA5Nzg1LnVzLXdlc3QtMi5lbGIuYW1hem9uYXdzLmNvbQpNT05HT0RCX1BSSVZBVEVJUD0xMC4wLjEuNTUKCm1rZGlyIC1wIC90bXAvY2xvdWRhY2FkZW15LWFwcApjZCAvdG1wL2Nsb3VkYWNhZGVteS1hcHAKCmVjaG8gPT09PT09PT09PT09PT09PT09PT09PT09PT09CmVjaG8gRlJPTlRFTkQgLSBkb3dubG9hZCBsYXRlc3QgcmVsZWFzZSBhbmQgaW5zdGFsbC4uLgpta2RpciAtcCAuL3ZvdGVhcHAtZnJvbnRlbmQtcmVhY3QtMjAyMwpwdXNoZCAuL3ZvdGVhcHAtZnJvbnRlbmQtcmVhY3QtMjAyMwpjdXJsIC1zTCBodHRwczovL2FwaS5naXRodWIuY29tL3JlcG9zL2Nsb3VkYWNhZGVteS92b3RlYXBwLWZyb250ZW5kLXJlYWN0LTIwMjMvcmVsZWFzZXMvbGF0ZXN0IHwganEgLXIgJy5hc3NldHNbMF0uYnJvd3Nlcl9kb3dubG9hZF91cmwnIHwgeGFyZ3MgY3VybCAtT0wKSU5TVEFMTF9GSUxFTkFNRT0kKGN1cmwgLXNMIGh0dHBzOi8vYXBpLmdpdGh1Yi5jb20vcmVwb3MvY2xvdWRhY2FkZW15L3ZvdGVhcHAtZnJvbnRlbmQtcmVhY3QtMjAyMy9yZWxlYXNlcy9sYXRlc3QgfCBqcSAtciAnLmFzc2V0c1swXS5uYW1lJykKdGFyIC14dnpmICRJTlNUQUxMX0ZJTEVOQU1FCnJtIC1yZiAvdmFyL3d3dy9odG1sCmNwIC1SIGJ1aWxkIC92YXIvd3d3L2h0bWwKY2F0ID4gL3Zhci93d3cvaHRtbC9lbnYtY29uZmlnLmpzIDw8IEVPRkYKd2luZG93Ll9lbnZfID0ge1JFQUNUX0FQUF9BUElIT1NUUE9SVDogIiRBTEJfRE5TIn0KRU9GRgpwb3BkCgplY2hvID09PT09PT09PT09PT09PT09PT09PT09PT09PQplY2hvIEFQSSAtIGRvd25sb2FkIGxhdGVzdCByZWxlYXNlLCBpbnN0YWxsLCBhbmQgc3RhcnQuLi4KbWtkaXIgLXAgLi92b3RlYXBwLWFwaS1nbwpwdXNoZCAuL3ZvdGVhcHAtYXBpLWdvCmN1cmwgLXNMIGh0dHBzOi8vYXBpLmdpdGh1Yi5jb20vcmVwb3MvY2xvdWRhY2FkZW15L3ZvdGVhcHAtYXBpLWdvL3JlbGVhc2VzL2xhdGVzdCB8IGpxIC1yICcuYXNzZXRzW10gfCBzZWxlY3QoLm5hbWUgfCBjb250YWlucygibGludXgtYW1kNjQiKSkgfCAuYnJvd3Nlcl9kb3dubG9hZF91cmwnIHwgeGFyZ3MgY3VybCAtT0wKSU5TVEFMTF9GSUxFTkFNRT0kKGN1cmwgLXNMIGh0dHBzOi8vYXBpLmdpdGh1Yi5jb20vcmVwb3MvY2xvdWRhY2FkZW15L3ZvdGVhcHAtYXBpLWdvL3JlbGVhc2VzL2xhdGVzdCB8IGpxIC1yICcuYXNzZXRzW10gfCBzZWxlY3QoLm5hbWUgfCBjb250YWlucygibGludXgtYW1kNjQiKSkgfCAubmFtZScpCnRhciAteHZ6ZiAkSU5TVEFMTF9GSUxFTkFNRQojc3RhcnQgdGhlIEFQSSB1cC4uLgpNT05HT19DT05OX1NUUj1tb25nb2RiOi8vJE1PTkdPREJfUFJJVkFURUlQOjI3MDE3L2xhbmdkYiAuL2FwaSAmCnBvcGQKCnN5c3RlbWN0bCByZXN0YXJ0IG5naW54CnN5c3RlbWN0bCBzdGF0dXMgbmdpbngKZWNobyBmaW4gdjEuMDAhCgoNCi0tTUlNRUJPVU5EQVJZLS0NCg==",
            "vpc_security_group_ids": [
              "sg-0c158c01e6e5fd95d"
            ]
          },
          "sensitive_attributes": [],
          "private": "bnVsbA==",
          "dependencies": [
            "module.application.aws_lb.alb1",
            "module.application.data.aws_ami.ubuntu",
            "module.application.data.template_cloudinit_config.config",
            "module.network.aws_eip.nat",
            "module.network.aws_internet_gateway.gateway",
            "module.network.aws_nat_gateway.nat_gateway",
            "module.network.aws_route_table.private",
            "module.network.aws_route_table.public",
            "module.network.aws_route_table_association.private",
            "module.network.aws_route_table_association.public",
            "module.network.aws_subnet.private",
            "module.network.aws_subnet.public",
            "module.network.aws_vpc.vpc",
            "module.security.aws_security_group.alb",
            "module.security.aws_security_group.application",
            "module.security.aws_security_group.bastion",
            "module.security.aws_security_group.mongodb",
            "module.storage.aws_instance.mongo"
          ]
        }
      ]
    },
    {
      "module": "module.application",
      "mode": "managed",
      "type": "aws_lb",
      "name": "alb1",
      "provider": "provider[\"registry.terraform.io/hashicorp/aws\"]",
      "instances": [
        {
          "schema_version": 0,
          "attributes": {
            "access_logs": [
              {
                "bucket": "",
                "enabled": false,
                "prefix": ""
              }
            ],
            "arn": "arn:aws:elasticloadbalancing:us-west-2:992382502416:loadbalancer/app/alb1/7e48f2f89786bf04",
            "arn_suffix": "app/alb1/7e48f2f89786bf04",
            "connection_logs": [
              {
                "bucket": "",
                "enabled": false,
                "prefix": ""
              }
            ],
            "customer_owned_ipv4_pool": "",
            "desync_mitigation_mode": "defensive",
            "dns_name": "alb1-324809785.us-west-2.elb.amazonaws.com",
            "dns_record_client_routing_policy": null,
            "drop_invalid_header_fields": true,
            "enable_cross_zone_load_balancing": true,
            "enable_deletion_protection": false,
            "enable_http2": true,
            "enable_tls_version_and_cipher_suite_headers": false,
            "enable_waf_fail_open": false,
            "enable_xff_client_port": false,
            "enforce_security_group_inbound_rules_on_private_link_traffic": "",
            "id": "arn:aws:elasticloadbalancing:us-west-2:992382502416:loadbalancer/app/alb1/7e48f2f89786bf04",
            "idle_timeout": 60,
            "internal": false,
            "ip_address_type": "ipv4",
            "load_balancer_type": "application",
            "name": "alb1",
            "name_prefix": "",
            "preserve_host_header": false,
            "security_groups": [
              "sg-0199ec9dea56ffd79"
            ],
            "subnet_mapping": [
              {
                "allocation_id": "",
                "ipv6_address": "",
                "outpost_id": "",
                "private_ipv4_address": "",
                "subnet_id": "subnet-0abc4e2aca1b83fed"
              },
              {
                "allocation_id": "",
                "ipv6_address": "",
                "outpost_id": "",
                "private_ipv4_address": "",
                "subnet_id": "subnet-0d18c54a4a95e597b"
              }
            ],
            "subnets": [
              "subnet-0abc4e2aca1b83fed",
              "subnet-0d18c54a4a95e597b"
            ],
            "tags": {
              "Environment": "Prod"
            },
            "tags_all": {
              "Environment": "Prod"
            },
            "timeouts": null,
            "vpc_id": "vpc-0136bde767cadf412",
            "xff_header_processing_mode": "append",
            "zone_id": "Z1H1FL5HABSF5"
          },
          "sensitive_attributes": [],
          "private": "eyJlMmJmYjczMC1lY2FhLTExZTYtOGY4OC0zNDM2M2JjN2M0YzAiOnsiY3JlYXRlIjo2MDAwMDAwMDAwMDAsImRlbGV0ZSI6NjAwMDAwMDAwMDAwLCJ1cGRhdGUiOjYwMDAwMDAwMDAwMH19",
          "dependencies": [
            "module.network.aws_eip.nat",
            "module.network.aws_internet_gateway.gateway",
            "module.network.aws_nat_gateway.nat_gateway",
            "module.network.aws_route_table.private",
            "module.network.aws_route_table.public",
            "module.network.aws_route_table_association.private",
            "module.network.aws_route_table_association.public",
            "module.network.aws_subnet.private",
            "module.network.aws_subnet.public",
            "module.network.aws_vpc.vpc",
            "module.security.aws_security_group.alb",
            "module.security.aws_security_group.application",
            "module.security.aws_security_group.bastion",
            "module.security.aws_security_group.mongodb",
            "module.storage.aws_instance.mongo"
          ]
        }
      ]
    },
    {
      "module": "module.bastion",
      "mode": "managed",
      "type": "aws_instance",
      "name": "bastion",
      "provider": "provider[\"registry.terraform.io/hashicorp/aws\"]",
      "instances": [
        {
          "schema_version": 1,
          "attributes": {
            "ami": "ami-02868af3c3df4b3aa",
            "arn": "arn:aws:ec2:us-west-2:992382502416:instance/i-00707b1678a7069c0",
            "associate_public_ip_address": true,
            "availability_zone": "us-west-2a",
            "capacity_reservation_specification": [
              {
                "capacity_reservation_preference": "open",
                "capacity_reservation_target": []
              }
            ],
            "cpu_core_count": 1,
            "cpu_options": [
              {
                "amd_sev_snp": "",
                "core_count": 1,
                "threads_per_core": 2
              }
            ],
            "cpu_threads_per_core": 2,
            "credit_specification": [
              {
                "cpu_credits": "unlimited"
              }
            ],
            "disable_api_stop": false,
            "disable_api_termination": false,
            "ebs_block_device": [],
            "ebs_optimized": false,
            "enclave_options": [
              {
                "enabled": false
              }
            ],
            "ephemeral_block_device": [],
            "get_password_data": false,
            "hibernation": false,
            "host_id": "",
            "host_resource_group_arn": null,
            "iam_instance_profile": "",
            "id": "i-00707b1678a7069c0",
            "instance_initiated_shutdown_behavior": "stop",
            "instance_lifecycle": "",
            "instance_market_options": [],
            "instance_state": "running",
            "instance_type": "t3.micro",
            "ipv6_address_count": 0,
            "ipv6_addresses": [],
            "key_name": "SSH-key",
            "launch_template": [],
            "maintenance_options": [
              {
                "auto_recovery": "default"
              }
            ],
            "metadata_options": [
              {
                "http_endpoint": "enabled",
                "http_protocol_ipv6": "disabled",
                "http_put_response_hop_limit": 1,
                "http_tokens": "optional",
                "instance_metadata_tags": "disabled"
              }
            ],
            "monitoring": false,
            "network_interface": [],
            "outpost_arn": "",
            "password_data": "",
            "placement_group": "",
            "placement_partition_number": 0,
            "primary_network_interface_id": "eni-0f4c3fef0fd5c450b",
            "private_dns": "ip-10-0-0-58.us-west-2.compute.internal",
            "private_dns_name_options": [
              {
                "enable_resource_name_dns_a_record": false,
                "enable_resource_name_dns_aaaa_record": false,
                "hostname_type": "ip-name"
              }
            ],
            "private_ip": "10.0.0.58",
            "public_dns": "",
            "public_ip": "35.89.148.85",
            "root_block_device": [
              {
                "delete_on_termination": true,
                "device_name": "/dev/sda1",
                "encrypted": true,
                "iops": 100,
                "kms_key_id": "arn:aws:kms:us-west-2:992382502416:key/6608f91a-6687-4093-bf87-82af7584c671",
                "tags": {},
                "tags_all": {},
                "throughput": 0,
                "volume_id": "vol-0381a37496bf1f0bb",
                "volume_size": 10,
                "volume_type": "gp2"
              }
            ],
            "secondary_private_ips": [],
            "security_groups": [],
            "source_dest_check": true,
            "spot_instance_request_id": "",
            "subnet_id": "subnet-0abc4e2aca1b83fed",
            "tags": {},
            "tags_all": {},
            "tenancy": "default",
            "timeouts": null,
            "user_data": null,
            "user_data_base64": null,
            "user_data_replace_on_change": false,
            "volume_tags": null,
            "vpc_security_group_ids": [
              "sg-0a627c37a69f6028a"
            ]
          },
          "sensitive_attributes": [],
          "private": "eyJlMmJmYjczMC1lY2FhLTExZTYtOGY4OC0zNDM2M2JjN2M0YzAiOnsiY3JlYXRlIjo2MDAwMDAwMDAwMDAsImRlbGV0ZSI6MTIwMDAwMDAwMDAwMCwicmVhZCI6OTAwMDAwMDAwMDAwLCJ1cGRhdGUiOjYwMDAwMDAwMDAwMH0sInNjaGVtYV92ZXJzaW9uIjoiMSJ9",
          "dependencies": [
            "module.network.aws_eip.nat",
            "module.network.aws_internet_gateway.gateway",
            "module.network.aws_nat_gateway.nat_gateway",
            "module.network.aws_route_table.private",
            "module.network.aws_route_table.public",
            "module.network.aws_route_table_association.private",
            "module.network.aws_route_table_association.public",
            "module.network.aws_subnet.private",
            "module.network.aws_subnet.public",
            "module.network.aws_vpc.vpc",
            "module.security.aws_security_group.alb",
            "module.security.aws_security_group.application",
            "module.security.aws_security_group.bastion",
            "module.security.aws_security_group.mongodb"
          ]
        }
      ]
    },
    {
      "module": "module.network",
      "mode": "managed",
      "type": "aws_eip",
      "name": "nat",
      "provider": "provider[\"registry.terraform.io/hashicorp/aws\"]",
      "instances": [
        {
          "schema_version": 0,
          "attributes": {
            "address": null,
            "allocation_id": "eipalloc-0dca26a495da6145a",
            "associate_with_private_ip": null,
            "association_id": "eipassoc-06af910af115a662c",
            "carrier_ip": "",
            "customer_owned_ip": "",
            "customer_owned_ipv4_pool": "",
            "domain": "vpc",
            "id": "eipalloc-0dca26a495da6145a",
            "instance": "",
            "network_border_group": "us-west-2",
            "network_interface": "eni-02c02cdc302a9166e",
            "private_dns": "ip-10-0-0-124.us-west-2.compute.internal",
            "private_ip": "10.0.0.124",
            "public_dns": "ec2-52-40-141-23.us-west-2.compute.amazonaws.com",
            "public_ip": "52.40.141.23",
            "public_ipv4_pool": "amazon",
            "tags": {},
            "tags_all": {},
            "timeouts": null,
            "vpc": true
          },
          "sensitive_attributes": [],
          "private": "eyJlMmJmYjczMC1lY2FhLTExZTYtOGY4OC0zNDM2M2JjN2M0YzAiOnsiZGVsZXRlIjoxODAwMDAwMDAwMDAsInJlYWQiOjkwMDAwMDAwMDAwMCwidXBkYXRlIjozMDAwMDAwMDAwMDB9fQ=="
        }
      ]
    },
    {
      "module": "module.network",
      "mode": "managed",
      "type": "aws_internet_gateway",
      "name": "gateway",
      "provider": "provider[\"registry.terraform.io/hashicorp/aws\"]",
      "instances": [
        {
          "schema_version": 0,
          "attributes": {
            "arn": "arn:aws:ec2:us-west-2:992382502416:internet-gateway/igw-08e6ac6877755df23",
            "id": "igw-08e6ac6877755df23",
            "owner_id": "992382502416",
            "tags": {},
            "tags_all": {},
            "timeouts": null,
            "vpc_id": "vpc-0136bde767cadf412"
          },
          "sensitive_attributes": [],
          "private": "eyJlMmJmYjczMC1lY2FhLTExZTYtOGY4OC0zNDM2M2JjN2M0YzAiOnsiY3JlYXRlIjoxMjAwMDAwMDAwMDAwLCJkZWxldGUiOjEyMDAwMDAwMDAwMDAsInVwZGF0ZSI6MTIwMDAwMDAwMDAwMH19",
          "dependencies": [
            "module.network.aws_vpc.vpc"
          ]
        }
      ]
    },
    {
      "module": "module.network",
      "mode": "managed",
      "type": "aws_nat_gateway",
      "name": "nat_gateway",
      "provider": "provider[\"registry.terraform.io/hashicorp/aws\"]",
      "instances": [
        {
          "schema_version": 0,
          "attributes": {
            "allocation_id": "eipalloc-0dca26a495da6145a",
            "association_id": "eipassoc-06af910af115a662c",
            "connectivity_type": "public",
            "id": "nat-0a5db9e4eef1327a0",
            "network_interface_id": "eni-02c02cdc302a9166e",
            "private_ip": "10.0.0.124",
            "public_ip": "52.40.141.23",
            "secondary_allocation_ids": [],
            "secondary_private_ip_address_count": 0,
            "secondary_private_ip_addresses": [],
            "subnet_id": "subnet-0abc4e2aca1b83fed",
            "tags": {},
            "tags_all": {},
            "timeouts": null
          },
          "sensitive_attributes": [],
          "private": "eyJlMmJmYjczMC1lY2FhLTExZTYtOGY4OC0zNDM2M2JjN2M0YzAiOnsiY3JlYXRlIjo2MDAwMDAwMDAwMDAsImRlbGV0ZSI6MTgwMDAwMDAwMDAwMCwidXBkYXRlIjo2MDAwMDAwMDAwMDB9fQ==",
          "dependencies": [
            "module.network.aws_eip.nat",
            "module.network.aws_internet_gateway.gateway",
            "module.network.aws_subnet.public",
            "module.network.aws_vpc.vpc"
          ]
        }
      ]
    },
    {
      "module": "module.network",
      "mode": "managed",
      "type": "aws_route_table",
      "name": "private",
      "provider": "provider[\"registry.terraform.io/hashicorp/aws\"]",
      "instances": [
        {
          "schema_version": 0,
          "attributes": {
            "arn": "arn:aws:ec2:us-west-2:992382502416:route-table/rtb-0c8af622fe0fa5f14",
            "id": "rtb-0c8af622fe0fa5f14",
            "owner_id": "992382502416",
            "propagating_vgws": [],
            "route": [
              {
                "carrier_gateway_id": "",
                "cidr_block": "0.0.0.0/0",
                "core_network_arn": "",
                "destination_prefix_list_id": "",
                "egress_only_gateway_id": "",
                "gateway_id": "nat-0a5db9e4eef1327a0",
                "ipv6_cidr_block": "",
                "local_gateway_id": "",
                "nat_gateway_id": "",
                "network_interface_id": "",
                "transit_gateway_id": "",
                "vpc_endpoint_id": "",
                "vpc_peering_connection_id": ""
              }
            ],
            "tags": {},
            "tags_all": {},
            "timeouts": null,
            "vpc_id": "vpc-0136bde767cadf412"
          },
          "sensitive_attributes": [],
          "private": "eyJlMmJmYjczMC1lY2FhLTExZTYtOGY4OC0zNDM2M2JjN2M0YzAiOnsiY3JlYXRlIjozMDAwMDAwMDAwMDAsImRlbGV0ZSI6MzAwMDAwMDAwMDAwLCJ1cGRhdGUiOjEyMDAwMDAwMDAwMH19",
          "dependencies": [
            "module.network.aws_eip.nat",
            "module.network.aws_internet_gateway.gateway",
            "module.network.aws_nat_gateway.nat_gateway",
            "module.network.aws_subnet.public",
            "module.network.aws_vpc.vpc"
          ]
        }
      ]
    },
    {
      "module": "module.network",
      "mode": "managed",
      "type": "aws_route_table",
      "name": "public",
      "provider": "provider[\"registry.terraform.io/hashicorp/aws\"]",
      "instances": [
        {
          "schema_version": 0,
          "attributes": {
            "arn": "arn:aws:ec2:us-west-2:992382502416:route-table/rtb-0a492005f3bbc8400",
            "id": "rtb-0a492005f3bbc8400",
            "owner_id": "992382502416",
            "propagating_vgws": [],
            "route": [
              {
                "carrier_gateway_id": "",
                "cidr_block": "0.0.0.0/0",
                "core_network_arn": "",
                "destination_prefix_list_id": "",
                "egress_only_gateway_id": "",
                "gateway_id": "igw-08e6ac6877755df23",
                "ipv6_cidr_block": "",
                "local_gateway_id": "",
                "nat_gateway_id": "",
                "network_interface_id": "",
                "transit_gateway_id": "",
                "vpc_endpoint_id": "",
                "vpc_peering_connection_id": ""
              }
            ],
            "tags": {},
            "tags_all": {},
            "timeouts": null,
            "vpc_id": "vpc-0136bde767cadf412"
          },
          "sensitive_attributes": [],
          "private": "eyJlMmJmYjczMC1lY2FhLTExZTYtOGY4OC0zNDM2M2JjN2M0YzAiOnsiY3JlYXRlIjozMDAwMDAwMDAwMDAsImRlbGV0ZSI6MzAwMDAwMDAwMDAwLCJ1cGRhdGUiOjEyMDAwMDAwMDAwMH19",
          "dependencies": [
            "module.network.aws_internet_gateway.gateway",
            "module.network.aws_vpc.vpc"
          ]
        }
      ]
    },
    {
      "module": "module.network",
      "mode": "managed",
      "type": "aws_route_table_association",
      "name": "private",
      "provider": "provider[\"registry.terraform.io/hashicorp/aws\"]",
      "instances": [
        {
          "index_key": 0,
          "schema_version": 0,
          "attributes": {
            "gateway_id": "",
            "id": "rtbassoc-0f4c6285192346166",
            "route_table_id": "rtb-0c8af622fe0fa5f14",
            "subnet_id": "subnet-0d7b94e3174e36190",
            "timeouts": null
          },
          "sensitive_attributes": [],
          "private": "eyJlMmJmYjczMC1lY2FhLTExZTYtOGY4OC0zNDM2M2JjN2M0YzAiOnsiY3JlYXRlIjozMDAwMDAwMDAwMDAsImRlbGV0ZSI6MzAwMDAwMDAwMDAwLCJ1cGRhdGUiOjEyMDAwMDAwMDAwMH19",
          "dependencies": [
            "module.network.aws_eip.nat",
            "module.network.aws_internet_gateway.gateway",
            "module.network.aws_nat_gateway.nat_gateway",
            "module.network.aws_route_table.private",
            "module.network.aws_subnet.private",
            "module.network.aws_subnet.public",
            "module.network.aws_vpc.vpc"
          ]
        },
        {
          "index_key": 1,
          "schema_version": 0,
          "attributes": {
            "gateway_id": "",
            "id": "rtbassoc-0481fbe5bd4a40c89",
            "route_table_id": "rtb-0c8af622fe0fa5f14",
            "subnet_id": "subnet-08e9cd17436c6fb16",
            "timeouts": null
          },
          "sensitive_attributes": [],
          "private": "eyJlMmJmYjczMC1lY2FhLTExZTYtOGY4OC0zNDM2M2JjN2M0YzAiOnsiY3JlYXRlIjozMDAwMDAwMDAwMDAsImRlbGV0ZSI6MzAwMDAwMDAwMDAwLCJ1cGRhdGUiOjEyMDAwMDAwMDAwMH19",
          "dependencies": [
            "module.network.aws_eip.nat",
            "module.network.aws_internet_gateway.gateway",
            "module.network.aws_nat_gateway.nat_gateway",
            "module.network.aws_route_table.private",
            "module.network.aws_subnet.private",
            "module.network.aws_subnet.public",
            "module.network.aws_vpc.vpc"
          ]
        }
      ]
    },
    {
      "module": "module.network",
      "mode": "managed",
      "type": "aws_route_table_association",
      "name": "public",
      "provider": "provider[\"registry.terraform.io/hashicorp/aws\"]",
      "instances": [
        {
          "index_key": 0,
          "schema_version": 0,
          "attributes": {
            "gateway_id": "",
            "id": "rtbassoc-05c484d184d924a1c",
            "route_table_id": "rtb-0a492005f3bbc8400",
            "subnet_id": "subnet-0abc4e2aca1b83fed",
            "timeouts": null
          },
          "sensitive_attributes": [],
          "private": "eyJlMmJmYjczMC1lY2FhLTExZTYtOGY4OC0zNDM2M2JjN2M0YzAiOnsiY3JlYXRlIjozMDAwMDAwMDAwMDAsImRlbGV0ZSI6MzAwMDAwMDAwMDAwLCJ1cGRhdGUiOjEyMDAwMDAwMDAwMH19",
          "dependencies": [
            "module.network.aws_internet_gateway.gateway",
            "module.network.aws_route_table.public",
            "module.network.aws_subnet.public",
            "module.network.aws_vpc.vpc"
          ]
        },
        {
          "index_key": 1,
          "schema_version": 0,
          "attributes": {
            "gateway_id": "",
            "id": "rtbassoc-0776ee2c14edb5248",
            "route_table_id": "rtb-0a492005f3bbc8400",
            "subnet_id": "subnet-0d18c54a4a95e597b",
            "timeouts": null
          },
          "sensitive_attributes": [],
          "private": "eyJlMmJmYjczMC1lY2FhLTExZTYtOGY4OC0zNDM2M2JjN2M0YzAiOnsiY3JlYXRlIjozMDAwMDAwMDAwMDAsImRlbGV0ZSI6MzAwMDAwMDAwMDAwLCJ1cGRhdGUiOjEyMDAwMDAwMDAwMH19",
          "dependencies": [
            "module.network.aws_internet_gateway.gateway",
            "module.network.aws_route_table.public",
            "module.network.aws_subnet.public",
            "module.network.aws_vpc.vpc"
          ]
        }
      ]
    },
    {
      "module": "module.network",
      "mode": "managed",
      "type": "aws_subnet",
      "name": "private",
      "provider": "provider[\"registry.terraform.io/hashicorp/aws\"]",
      "instances": [
        {
          "index_key": 0,
          "schema_version": 1,
          "attributes": {
            "arn": "arn:aws:ec2:us-west-2:992382502416:subnet/subnet-0d7b94e3174e36190",
            "assign_ipv6_address_on_creation": false,
            "availability_zone": "us-west-2a",
            "availability_zone_id": "usw2-az1",
            "cidr_block": "10.0.1.0/25",
            "customer_owned_ipv4_pool": "",
            "enable_dns64": false,
            "enable_lni_at_device_index": 0,
            "enable_resource_name_dns_a_record_on_launch": false,
            "enable_resource_name_dns_aaaa_record_on_launch": false,
            "id": "subnet-0d7b94e3174e36190",
            "ipv6_cidr_block": "",
            "ipv6_cidr_block_association_id": "",
            "ipv6_native": false,
            "map_customer_owned_ip_on_launch": false,
            "map_public_ip_on_launch": false,
            "outpost_arn": "",
            "owner_id": "992382502416",
            "private_dns_hostname_type_on_launch": "ip-name",
            "tags": {},
            "tags_all": {},
            "timeouts": null,
            "vpc_id": "vpc-0136bde767cadf412"
          },
          "sensitive_attributes": [],
          "private": "eyJlMmJmYjczMC1lY2FhLTExZTYtOGY4OC0zNDM2M2JjN2M0YzAiOnsiY3JlYXRlIjo2MDAwMDAwMDAwMDAsImRlbGV0ZSI6MTIwMDAwMDAwMDAwMH0sInNjaGVtYV92ZXJzaW9uIjoiMSJ9",
          "dependencies": [
            "module.network.aws_vpc.vpc"
          ]
        },
        {
          "index_key": 1,
          "schema_version": 1,
          "attributes": {
            "arn": "arn:aws:ec2:us-west-2:992382502416:subnet/subnet-08e9cd17436c6fb16",
            "assign_ipv6_address_on_creation": false,
            "availability_zone": "us-west-2b",
            "availability_zone_id": "usw2-az2",
            "cidr_block": "10.0.1.128/25",
            "customer_owned_ipv4_pool": "",
            "enable_dns64": false,
            "enable_lni_at_device_index": 0,
            "enable_resource_name_dns_a_record_on_launch": false,
            "enable_resource_name_dns_aaaa_record_on_launch": false,
            "id": "subnet-08e9cd17436c6fb16",
            "ipv6_cidr_block": "",
            "ipv6_cidr_block_association_id": "",
            "ipv6_native": false,
            "map_customer_owned_ip_on_launch": false,
            "map_public_ip_on_launch": false,
            "outpost_arn": "",
            "owner_id": "992382502416",
            "private_dns_hostname_type_on_launch": "ip-name",
            "tags": {},
            "tags_all": {},
            "timeouts": null,
            "vpc_id": "vpc-0136bde767cadf412"
          },
          "sensitive_attributes": [],
          "private": "eyJlMmJmYjczMC1lY2FhLTExZTYtOGY4OC0zNDM2M2JjN2M0YzAiOnsiY3JlYXRlIjo2MDAwMDAwMDAwMDAsImRlbGV0ZSI6MTIwMDAwMDAwMDAwMH0sInNjaGVtYV92ZXJzaW9uIjoiMSJ9",
          "dependencies": [
            "module.network.aws_vpc.vpc"
          ]
        }
      ]
    },
    {
      "module": "module.network",
      "mode": "managed",
      "type": "aws_subnet",
      "name": "public",
      "provider": "provider[\"registry.terraform.io/hashicorp/aws\"]",
      "instances": [
        {
          "index_key": 0,
          "schema_version": 1,
          "attributes": {
            "arn": "arn:aws:ec2:us-west-2:992382502416:subnet/subnet-0abc4e2aca1b83fed",
            "assign_ipv6_address_on_creation": false,
            "availability_zone": "us-west-2a",
            "availability_zone_id": "usw2-az1",
            "cidr_block": "10.0.0.0/25",
            "customer_owned_ipv4_pool": "",
            "enable_dns64": false,
            "enable_lni_at_device_index": 0,
            "enable_resource_name_dns_a_record_on_launch": false,
            "enable_resource_name_dns_aaaa_record_on_launch": false,
            "id": "subnet-0abc4e2aca1b83fed",
            "ipv6_cidr_block": "",
            "ipv6_cidr_block_association_id": "",
            "ipv6_native": false,
            "map_customer_owned_ip_on_launch": false,
            "map_public_ip_on_launch": false,
            "outpost_arn": "",
            "owner_id": "992382502416",
            "private_dns_hostname_type_on_launch": "ip-name",
            "tags": {},
            "tags_all": {},
            "timeouts": null,
            "vpc_id": "vpc-0136bde767cadf412"
          },
          "sensitive_attributes": [],
          "private": "eyJlMmJmYjczMC1lY2FhLTExZTYtOGY4OC0zNDM2M2JjN2M0YzAiOnsiY3JlYXRlIjo2MDAwMDAwMDAwMDAsImRlbGV0ZSI6MTIwMDAwMDAwMDAwMH0sInNjaGVtYV92ZXJzaW9uIjoiMSJ9",
          "dependencies": [
            "module.network.aws_vpc.vpc"
          ]
        },
        {
          "index_key": 1,
          "schema_version": 1,
          "attributes": {
            "arn": "arn:aws:ec2:us-west-2:992382502416:subnet/subnet-0d18c54a4a95e597b",
            "assign_ipv6_address_on_creation": false,
            "availability_zone": "us-west-2b",
            "availability_zone_id": "usw2-az2",
            "cidr_block": "10.0.0.128/25",
            "customer_owned_ipv4_pool": "",
            "enable_dns64": false,
            "enable_lni_at_device_index": 0,
            "enable_resource_name_dns_a_record_on_launch": false,
            "enable_resource_name_dns_aaaa_record_on_launch": false,
            "id": "subnet-0d18c54a4a95e597b",
            "ipv6_cidr_block": "",
            "ipv6_cidr_block_association_id": "",
            "ipv6_native": false,
            "map_customer_owned_ip_on_launch": false,
            "map_public_ip_on_launch": false,
            "outpost_arn": "",
            "owner_id": "992382502416",
            "private_dns_hostname_type_on_launch": "ip-name",
            "tags": {},
            "tags_all": {},
            "timeouts": null,
            "vpc_id": "vpc-0136bde767cadf412"
          },
          "sensitive_attributes": [],
          "private": "eyJlMmJmYjczMC1lY2FhLTExZTYtOGY4OC0zNDM2M2JjN2M0YzAiOnsiY3JlYXRlIjo2MDAwMDAwMDAwMDAsImRlbGV0ZSI6MTIwMDAwMDAwMDAwMH0sInNjaGVtYV92ZXJzaW9uIjoiMSJ9",
          "dependencies": [
            "module.network.aws_vpc.vpc"
          ]
        }
      ]
    },
    {
      "module": "module.network",
      "mode": "managed",
      "type": "aws_vpc",
      "name": "vpc",
      "provider": "provider[\"registry.terraform.io/hashicorp/aws\"]",
      "instances": [
        {
          "schema_version": 1,
          "attributes": {
            "arn": "arn:aws:ec2:us-west-2:992382502416:vpc/vpc-0136bde767cadf412",
            "assign_generated_ipv6_cidr_block": false,
            "cidr_block": "10.0.0.0/16",
            "default_network_acl_id": "acl-0939a19738613692f",
            "default_route_table_id": "rtb-0ac2574537ff50326",
            "default_security_group_id": "sg-0219300e2ba41241b",
            "dhcp_options_id": "dopt-0715f666f107e2526",
            "enable_dns_hostnames": false,
            "enable_dns_support": true,
            "enable_network_address_usage_metrics": false,
            "id": "vpc-0136bde767cadf412",
            "instance_tenancy": "default",
            "ipv4_ipam_pool_id": null,
            "ipv4_netmask_length": null,
            "ipv6_association_id": "",
            "ipv6_cidr_block": "",
            "ipv6_cidr_block_network_border_group": "",
            "ipv6_ipam_pool_id": "",
            "ipv6_netmask_length": 0,
            "main_route_table_id": "rtb-0ac2574537ff50326",
            "owner_id": "992382502416",
            "tags": {},
            "tags_all": {}
          },
          "sensitive_attributes": [],
          "private": "eyJzY2hlbWFfdmVyc2lvbiI6IjEifQ=="
        }
      ]
    },
    {
      "module": "module.security",
      "mode": "managed",
      "type": "aws_security_group",
      "name": "alb",
      "provider": "provider[\"registry.terraform.io/hashicorp/aws\"]",
      "instances": [
        {
          "schema_version": 1,
          "attributes": {
            "arn": "arn:aws:ec2:us-west-2:992382502416:security-group/sg-0199ec9dea56ffd79",
            "description": "alb network traffic",
            "egress": [
              {
                "cidr_blocks": [
                  "0.0.0.0/0"
                ],
                "description": "all all outbound traffic",
                "from_port": 0,
                "ipv6_cidr_blocks": [],
                "prefix_list_ids": [],
                "protocol": "-1",
                "security_groups": [],
                "self": false,
                "to_port": 0
              }
            ],
            "id": "sg-0199ec9dea56ffd79",
            "ingress": [
              {
                "cidr_blocks": [
                  "0.0.0.0/0"
                ],
                "description": "80 from anywhere",
                "from_port": 0,
                "ipv6_cidr_blocks": [],
                "prefix_list_ids": [],
                "protocol": "-1",
                "security_groups": [],
                "self": false,
                "to_port": 0
              }
            ],
            "name": "alb",
            "name_prefix": "",
            "owner_id": "992382502416",
            "revoke_rules_on_delete": false,
            "tags": {
              "Name": "allow traffic"
            },
            "tags_all": {
              "Name": "allow traffic"
            },
            "timeouts": null,
            "vpc_id": "vpc-0136bde767cadf412"
          },
          "sensitive_attributes": [],
          "private": "eyJlMmJmYjczMC1lY2FhLTExZTYtOGY4OC0zNDM2M2JjN2M0YzAiOnsiY3JlYXRlIjo2MDAwMDAwMDAwMDAsImRlbGV0ZSI6OTAwMDAwMDAwMDAwfSwic2NoZW1hX3ZlcnNpb24iOiIxIn0=",
          "dependencies": [
            "module.network.aws_eip.nat",
            "module.network.aws_internet_gateway.gateway",
            "module.network.aws_nat_gateway.nat_gateway",
            "module.network.aws_route_table.private",
            "module.network.aws_route_table.public",
            "module.network.aws_route_table_association.private",
            "module.network.aws_route_table_association.public",
            "module.network.aws_subnet.private",
            "module.network.aws_subnet.public",
            "module.network.aws_vpc.vpc"
          ]
        }
      ]
    },
    {
      "module": "module.security",
      "mode": "managed",
      "type": "aws_security_group",
      "name": "application",
      "provider": "provider[\"registry.terraform.io/hashicorp/aws\"]",
      "instances": [
        {
          "schema_version": 1,
          "attributes": {
            "arn": "arn:aws:ec2:us-west-2:992382502416:security-group/sg-0c158c01e6e5fd95d",
            "description": "application network traffic",
            "egress": [
              {
                "cidr_blocks": [
                  "0.0.0.0/0"
                ],
                "description": "all all outbound traffic",
                "from_port": 0,
                "ipv6_cidr_blocks": [],
                "prefix_list_ids": [],
                "protocol": "-1",
                "security_groups": [],
                "self": false,
                "to_port": 0
              }
            ],
            "id": "sg-0c158c01e6e5fd95d",
            "ingress": [
              {
                "cidr_blocks": [
                  "0.0.0.0/0"
                ],
                "description": "80 from anywhere",
                "from_port": 0,
                "ipv6_cidr_blocks": [],
                "prefix_list_ids": [],
                "protocol": "-1",
                "security_groups": [],
                "self": false,
                "to_port": 0
              }
            ],
            "name": "application",
            "name_prefix": "",
            "owner_id": "992382502416",
            "revoke_rules_on_delete": false,
            "tags": {
              "Name": "application allow traffic"
            },
            "tags_all": {
              "Name": "application allow traffic"
            },
            "timeouts": null,
            "vpc_id": "vpc-0136bde767cadf412"
          },
          "sensitive_attributes": [],
          "private": "eyJlMmJmYjczMC1lY2FhLTExZTYtOGY4OC0zNDM2M2JjN2M0YzAiOnsiY3JlYXRlIjo2MDAwMDAwMDAwMDAsImRlbGV0ZSI6OTAwMDAwMDAwMDAwfSwic2NoZW1hX3ZlcnNpb24iOiIxIn0=",
          "dependencies": [
            "module.network.aws_eip.nat",
            "module.network.aws_internet_gateway.gateway",
            "module.network.aws_nat_gateway.nat_gateway",
            "module.network.aws_route_table.private",
            "module.network.aws_route_table.public",
            "module.network.aws_route_table_association.private",
            "module.network.aws_route_table_association.public",
            "module.network.aws_subnet.private",
            "module.network.aws_subnet.public",
            "module.network.aws_vpc.vpc"
          ]
        }
      ]
    },
    {
      "module": "module.security",
      "mode": "managed",
      "type": "aws_security_group",
      "name": "bastion",
      "provider": "provider[\"registry.terraform.io/hashicorp/aws\"]",
      "instances": [
        {
          "schema_version": 1,
          "attributes": {
            "arn": "arn:aws:ec2:us-west-2:992382502416:security-group/sg-0a627c37a69f6028a",
            "description": "bastion network traffic",
            "egress": [
              {
                "cidr_blocks": [
                  "0.0.0.0/0"
                ],
                "description": "all all outbound traffic",
                "from_port": 0,
                "ipv6_cidr_blocks": [],
                "prefix_list_ids": [],
                "protocol": "-1",
                "security_groups": [],
                "self": false,
                "to_port": 0
              }
            ],
            "id": "sg-0a627c37a69f6028a",
            "ingress": [
              {
                "cidr_blocks": [
                  "0.0.0.0/0"
                ],
                "description": "80 from anywhere",
                "from_port": 0,
                "ipv6_cidr_blocks": [],
                "prefix_list_ids": [],
                "protocol": "-1",
                "security_groups": [],
                "self": false,
                "to_port": 0
              }
            ],
            "name": "bastion",
            "name_prefix": "",
            "owner_id": "992382502416",
            "revoke_rules_on_delete": false,
            "tags": {
              "Name": "allow traffic"
            },
            "tags_all": {
              "Name": "allow traffic"
            },
            "timeouts": null,
            "vpc_id": "vpc-0136bde767cadf412"
          },
          "sensitive_attributes": [],
          "private": "eyJlMmJmYjczMC1lY2FhLTExZTYtOGY4OC0zNDM2M2JjN2M0YzAiOnsiY3JlYXRlIjo2MDAwMDAwMDAwMDAsImRlbGV0ZSI6OTAwMDAwMDAwMDAwfSwic2NoZW1hX3ZlcnNpb24iOiIxIn0=",
          "dependencies": [
            "module.network.aws_eip.nat",
            "module.network.aws_internet_gateway.gateway",
            "module.network.aws_nat_gateway.nat_gateway",
            "module.network.aws_route_table.private",
            "module.network.aws_route_table.public",
            "module.network.aws_route_table_association.private",
            "module.network.aws_route_table_association.public",
            "module.network.aws_subnet.private",
            "module.network.aws_subnet.public",
            "module.network.aws_vpc.vpc"
          ]
        }
      ]
    },
    {
      "module": "module.security",
      "mode": "managed",
      "type": "aws_security_group",
      "name": "mongodb",
      "provider": "provider[\"registry.terraform.io/hashicorp/aws\"]",
      "instances": [
        {
          "schema_version": 1,
          "attributes": {
            "arn": "arn:aws:ec2:us-west-2:992382502416:security-group/sg-0c5f69f7b0be1512c",
            "description": "mongodb network traffic",
            "egress": [
              {
                "cidr_blocks": [
                  "0.0.0.0/0"
                ],
                "description": "all all outbound traffic",
                "from_port": 0,
                "ipv6_cidr_blocks": [],
                "prefix_list_ids": [],
                "protocol": "-1",
                "security_groups": [],
                "self": false,
                "to_port": 0
              }
            ],
            "id": "sg-0c5f69f7b0be1512c",
            "ingress": [
              {
                "cidr_blocks": [
                  "0.0.0.0/0"
                ],
                "description": "80 from anywhere",
                "from_port": 0,
                "ipv6_cidr_blocks": [],
                "prefix_list_ids": [],
                "protocol": "-1",
                "security_groups": [],
                "self": false,
                "to_port": 0
              }
            ],
            "name": "mongodb",
            "name_prefix": "",
            "owner_id": "992382502416",
            "revoke_rules_on_delete": false,
            "tags": {
              "Name": "database allow traffic"
            },
            "tags_all": {
              "Name": "database allow traffic"
            },
            "timeouts": null,
            "vpc_id": "vpc-0136bde767cadf412"
          },
          "sensitive_attributes": [],
          "private": "eyJlMmJmYjczMC1lY2FhLTExZTYtOGY4OC0zNDM2M2JjN2M0YzAiOnsiY3JlYXRlIjo2MDAwMDAwMDAwMDAsImRlbGV0ZSI6OTAwMDAwMDAwMDAwfSwic2NoZW1hX3ZlcnNpb24iOiIxIn0=",
          "dependencies": [
            "module.network.aws_eip.nat",
            "module.network.aws_internet_gateway.gateway",
            "module.network.aws_nat_gateway.nat_gateway",
            "module.network.aws_route_table.private",
            "module.network.aws_route_table.public",
            "module.network.aws_route_table_association.private",
            "module.network.aws_route_table_association.public",
            "module.network.aws_subnet.private",
            "module.network.aws_subnet.public",
            "module.network.aws_vpc.vpc"
          ]
        }
      ]
    },
    {
      "module": "module.storage",
      "mode": "managed",
      "type": "aws_instance",
      "name": "mongo",
      "provider": "provider[\"registry.terraform.io/hashicorp/aws\"]",
      "instances": [
        {
          "schema_version": 1,
          "attributes": {
            "ami": "ami-02868af3c3df4b3aa",
            "arn": "arn:aws:ec2:us-west-2:992382502416:instance/i-050839672b11c25ca",
            "associate_public_ip_address": false,
            "availability_zone": "us-west-2a",
            "capacity_reservation_specification": [
              {
                "capacity_reservation_preference": "open",
                "capacity_reservation_target": []
              }
            ],
            "cpu_core_count": 1,
            "cpu_options": [
              {
                "amd_sev_snp": "",
                "core_count": 1,
                "threads_per_core": 2
              }
            ],
            "cpu_threads_per_core": 2,
            "credit_specification": [
              {
                "cpu_credits": "unlimited"
              }
            ],
            "disable_api_stop": false,
            "disable_api_termination": false,
            "ebs_block_device": [],
            "ebs_optimized": false,
            "enclave_options": [
              {
                "enabled": false
              }
            ],
            "ephemeral_block_device": [],
            "get_password_data": false,
            "hibernation": false,
            "host_id": "",
            "host_resource_group_arn": null,
            "iam_instance_profile": "",
            "id": "i-050839672b11c25ca",
            "instance_initiated_shutdown_behavior": "stop",
            "instance_lifecycle": "",
            "instance_market_options": [],
            "instance_state": "running",
            "instance_type": "t3.micro",
            "ipv6_address_count": 0,
            "ipv6_addresses": [],
            "key_name": "SSH-key",
            "launch_template": [],
            "maintenance_options": [
              {
                "auto_recovery": "default"
              }
            ],
            "metadata_options": [
              {
                "http_endpoint": "enabled",
                "http_protocol_ipv6": "disabled",
                "http_put_response_hop_limit": 1,
                "http_tokens": "optional",
                "instance_metadata_tags": "disabled"
              }
            ],
            "monitoring": false,
            "network_interface": [],
            "outpost_arn": "",
            "password_data": "",
            "placement_group": "",
            "placement_partition_number": 0,
            "primary_network_interface_id": "eni-03eab50f7e06dd13f",
            "private_dns": "ip-10-0-1-55.us-west-2.compute.internal",
            "private_dns_name_options": [
              {
                "enable_resource_name_dns_a_record": false,
                "enable_resource_name_dns_aaaa_record": false,
                "hostname_type": "ip-name"
              }
            ],
            "private_ip": "10.0.1.55",
            "public_dns": "",
            "public_ip": "",
            "root_block_device": [
              {
                "delete_on_termination": true,
                "device_name": "/dev/sda1",
                "encrypted": true,
                "iops": 100,
                "kms_key_id": "arn:aws:kms:us-west-2:992382502416:key/6608f91a-6687-4093-bf87-82af7584c671",
                "tags": {},
                "tags_all": {},
                "throughput": 0,
                "volume_id": "vol-0819178f958c5f4d4",
                "volume_size": 10,
                "volume_type": "gp2"
              }
            ],
            "secondary_private_ips": [],
            "security_groups": [],
            "source_dest_check": true,
            "spot_instance_request_id": "",
            "subnet_id": "subnet-0d7b94e3174e36190",
            "tags": {},
            "tags_all": {},
            "tenancy": "default",
            "timeouts": null,
            "user_data": "a4c8d0ed3d18049a54d28cc46c4e98bbc96f5661",
            "user_data_base64": null,
            "user_data_replace_on_change": false,
            "volume_tags": null,
            "vpc_security_group_ids": [
              "sg-0c5f69f7b0be1512c"
            ]
          },
          "sensitive_attributes": [],
          "private": "eyJlMmJmYjczMC1lY2FhLTExZTYtOGY4OC0zNDM2M2JjN2M0YzAiOnsiY3JlYXRlIjo2MDAwMDAwMDAwMDAsImRlbGV0ZSI6MTIwMDAwMDAwMDAwMCwicmVhZCI6OTAwMDAwMDAwMDAwLCJ1cGRhdGUiOjYwMDAwMDAwMDAwMH0sInNjaGVtYV92ZXJzaW9uIjoiMSJ9",
          "dependencies": [
            "module.network.aws_eip.nat",
            "module.network.aws_internet_gateway.gateway",
            "module.network.aws_nat_gateway.nat_gateway",
            "module.network.aws_route_table.private",
            "module.network.aws_route_table.public",
            "module.network.aws_route_table_association.private",
            "module.network.aws_route_table_association.public",
            "module.network.aws_subnet.private",
            "module.network.aws_subnet.public",
            "module.network.aws_vpc.vpc",
            "module.security.aws_security_group.alb",
            "module.security.aws_security_group.application",
            "module.security.aws_security_group.bastion",
            "module.security.aws_security_group.mongodb"
          ]
        }
      ]
    }
  ],
  "check_results": null
}
